
Microsoft Visual Studio Solution File, Format Version 12.00
# Visual Studio Version 17
VisualStudioVersion = 17.14.36301.6 d17.14
MinimumVisualStudioVersion = 10.0.40219.1
Project("{FAE04EC0-301F-11D3-BF4B-00C04F79EFBC}") = "EndlessHeroWorld", "EndlessHeroWorld\EndlessHeroWorld.csproj", "{D37122AA-8A9C-4289-8E86-CF045244D8CD}"
EndProject
Global
	GlobalSection(SolutionConfigurationPlatforms) = preSolution
		Debug|Any CPU = Debug|Any CPU
		Release|Any CPU = Release|Any CPU
	EndGlobalSection
	GlobalSection(ProjectConfigurationPlatforms) = postSolution
		{D37122AA-8A9C-4289-8E86-CF045244D8CD}.Debug|Any CPU.ActiveCfg = Debug|Any CPU
		{D37122AA-8A9C-4289-8E86-CF045244D8CD}.Debug|Any CPU.Build.0 = Debug|Any CPU
		{D37122AA-8A9C-4289-8E86-CF045244D8CD}.Release|Any CPU.ActiveCfg = Release|Any CPU
		{D37122AA-8A9C-4289-8E86-CF045244D8CD}.Release|Any CPU.Build.0 = Release|Any CPU
	EndGlobalSection
	GlobalSection(SolutionProperties) = preSolution
		HideSolutionNode = FALSE
	EndGlobalSection
	GlobalSection(ExtensibilityGlobals) = postSolution
		SolutionGuid = {4B7DB727-AA76-478B-895A-E27094011B3F}
	EndGlobalSection
EndGlobal
